// !$*UTF8*$!
{
	archiveVersion = 1;
	classes = {
	};
	objectVersion = 77;
	objects = {

/* Begin PBXContainerItemProxy section */
		6939F2CE2DBA807E00D06AD6 /* PBXContainerItemProxy */ = {
			isa = PBXContainerItemProxy;
			containerPortal = 6939F2B82DBA807C00D06AD6 /* Project object */;
			proxyType = 1;
			remoteGlobalIDString = 6939F2BF2DBA807C00D06AD6;
			remoteInfo = chungtacungnhau;
		};
		6939F2D82DBA807E00D06AD6 /* PBXContainerItemProxy */ = {
			isa = PBXContainerItemProxy;
			containerPortal = 6939F2B82DBA807C00D06AD6 /* Project object */;
			proxyType = 1;
			remoteGlobalIDString = 6939F2BF2DBA807C00D06AD6;
			remoteInfo = chungtacungnhau;
		};
/* End PBXContainerItemProxy section */

/* Begin PBXFileReference section */
		6939F2C02DBA807C00D06AD6 /* chungtacungnhau.app */ = {isa = PBXFileReference; explicitFileType = wrapper.application; includeInIndex = 0; path = chungtacungnhau.app; sourceTree = BUILT_PRODUCTS_DIR; };
		6939F2CD2DBA807E00D06AD6 /* chungtacungnhauTests.xctest */ = {isa = PBXFileReference; explicitFileType = wrapper.cfbundle; includeInIndex = 0; path = chungtacungnhauTests.xctest; sourceTree = BUILT_PRODUCTS_DIR; };
		6939F2D72DBA807E00D06AD6 /* chungtacungnhauUITests.xctest */ = {isa = PBXFileReference; explicitFileType = wrapper.cfbundle; includeInIndex = 0; path = chungtacungnhauUITests.xctest; sourceTree = BUILT_PRODUCTS_DIR; };
/* End PBXFileReference section */

/* Begin PBXFileSystemSynchronizedRootGroup section */
		6939F2C22DBA807C00D06AD6 /* chungtacungnhau */ = {
			isa = PBXFileSystemSynchronizedRootGroup;
			path = chungtacungnhau;
			sourceTree = "<group>";
		};
		6939F2D02DBA807E00D06AD6 /* chungtacungnhauTests */ = {
			isa = PBXFileSystemSynchronizedRootGroup;
			path = chungtacungnhauTests;
			sourceTree = "<group>";
		};
		6939F2DA2DBA807E00D06AD6 /* chungtacungnhauUITests */ = {
			isa = PBXFileSystemSynchronizedRootGroup;
			path = chungtacungnhauUITests;
			sourceTree = "<group>";
		};
/* End PBXFileSystemSynchronizedRootGroup section */

/* Begin PBXFrameworksBuildPhase section */
		6939F2BD2DBA807C00D06AD6 /* Frameworks */ = {
			isa = PBXFrameworksBuildPhase;
			buildActionMask = 2147483647;
			files = (
			);
			runOnlyForDeploymentPostprocessing = 0;
		};
		6939F2CA2DBA807E00D06AD6 /* Frameworks */ = {
			isa = PBXFrameworksBuildPhase;
			buildActionMask = 2147483647;
			files = (
			);
			runOnlyForDeploymentPostprocessing = 0;
		};
		6939F2D42DBA807E00D06AD6 /* Frameworks */ = {
			isa = PBXFrameworksBuildPhase;
			buildActionMask = 2147483647;
			files = (
			);
			runOnlyForDeploymentPostprocessing = 0;
		};
/* End PBXFrameworksBuildPhase section */

/* Begin PBXGroup section */
		6939F2B72DBA807C00D06AD6 = {
			isa = PBXGroup;
			children = (
				6939F2C22DBA807C00D06AD6 /* chungtacungnhau */,
				6939F2D02DBA807E00D06AD6 /* chungtacungnhauTests */,
				6939F2DA2DBA807E00D06AD6 /* chungtacungnhauUITests */,
				6939F2C12DBA807C00D06AD6 /* Products */,
			);
			sourceTree = "<group>";
		};
		6939F2C12DBA807C00D06AD6 /* Products */ = {
			isa = PBXGroup;
			children = (
				6939F2C02DBA807C00D06AD6 /* chungtacungnhau.app */,
				6939F2CD2DBA807E00D06AD6 /* chungtacungnhauTests.xctest */,
				6939F2D72DBA807E00D06AD6 /* chungtacungnhauUITests.xctest */,
			);
			name = Products;
			sourceTree = "<group>";
		};
/* End PBXGroup section */

/* Begin PBXNativeTarget section */
		6939F2BF2DBA807C00D06AD6 /* chungtacungnhau */ = {
			isa = PBXNativeTarget;
			buildConfigurationList = 6939F2E12DBA807E00D06AD6 /* Build configuration list for PBXNativeTarget "chungtacungnhau" */;
			buildPhases = (
				6939F2BC2DBA807C00D06AD6 /* Sources */,
				6939F2BD2DBA807C00D06AD6 /* Frameworks */,
				6939F2BE2DBA807C00D06AD6 /* Resources */,
			);
			buildRules = (
			);
			dependencies = (
			);
			fileSystemSynchronizedGroups = (
				6939F2C22DBA807C00D06AD6 /* chungtacungnhau */,
			);
			name = chungtacungnhau;
			packageProductDependencies = (
			);
			productName = chungtacungnhau;
			productReference = 6939F2C02DBA807C00D06AD6 /* chungtacungnhau.app */;
			productType = "com.apple.product-type.application";
		};
		6939F2CC2DBA807E00D06AD6 /* chungtacungnhauTests */ = {
			isa = PBXNativeTarget;
			buildConfigurationList = 6939F2E42DBA807E00D06AD6 /* Build configuration list for PBXNativeTarget "chungtacungnhauTests" */;
			buildPhases = (
				6939F2C92DBA807E00D06AD6 /* Sources */,
				6939F2CA2DBA807E00D06AD6 /* Frameworks */,
				6939F2CB2DBA807E00D06AD6 /* Resources */,
			);
			buildRules = (
			);
			dependencies = (
				6939F2CF2DBA807E00D06AD6 /* PBXTargetDependency */,
			);
			fileSystemSynchronizedGroups = (
				6939F2D02DBA807E00D06AD6 /* chungtacungnhauTests */,
			);
			name = chungtacungnhauTests;
			packageProductDependencies = (
			);
			productName = chungtacungnhauTests;
			productReference = 6939F2CD2DBA807E00D06AD6 /* chungtacungnhauTests.xctest */;
			productType = "com.apple.product-type.bundle.unit-test";
		};
		6939F2D62DBA807E00D06AD6 /* chungtacungnhauUITests */ = {
			isa = PBXNativeTarget;
			buildConfigurationList = 6939F2E72DBA807E00D06AD6 /* Build configuration list for PBXNativeTarget "chungtacungnhauUITests" */;
			buildPhases = (
				6939F2D32DBA807E00D06AD6 /* Sources */,
				6939F2D42DBA807E00D06AD6 /* Frameworks */,
				6939F2D52DBA807E00D06AD6 /* Resources */,
			);
			buildRules = (
			);
			dependencies = (
				6939F2D92DBA807E00D06AD6 /* PBXTargetDependency */,
			);
			fileSystemSynchronizedGroups = (
				6939F2DA2DBA807E00D06AD6 /* chungtacungnhauUITests */,
			);
			name = chungtacungnhauUITests;
			packageProductDependencies = (
			);
			productName = chungtacungnhauUITests;
			productReference = 6939F2D72DBA807E00D06AD6 /* chungtacungnhauUITests.xctest */;
			productType = "com.apple.product-type.bundle.ui-testing";
		};
/* End PBXNativeTarget section */

/* Begin PBXProject section */
		6939F2B82DBA807C00D06AD6 /* Project object */ = {
			isa = PBXProject;
			attributes = {
				BuildIndependentTargetsInParallel = 1;
				LastSwiftUpdateCheck = 1630;
				LastUpgradeCheck = 1630;
				TargetAttributes = {
					6939F2BF2DBA807C00D06AD6 = {
						CreatedOnToolsVersion = 16.3;
					};
					6939F2CC2DBA807E00D06AD6 = {
						CreatedOnToolsVersion = 16.3;
						TestTargetID = 6939F2BF2DBA807C00D06AD6;
					};
					6939F2D62DBA807E00D06AD6 = {
						CreatedOnToolsVersion = 16.3;
						TestTargetID = 6939F2BF2DBA807C00D06AD6;
					};
				};
			};
			buildConfigurationList = 6939F2BB2DBA807C00D06AD6 /* Build configuration list for PBXProject "chungtacungnhau" */;
			developmentRegion = en;
			hasScannedForEncodings = 0;
			knownRegions = (
				en,
				Base,
			);
			mainGroup = 6939F2B72DBA807C00D06AD6;
			minimizedProjectReferenceProxies = 1;
			preferredProjectObjectVersion = 77;
			productRefGroup = 6939F2C12DBA807C00D06AD6 /* Products */;
			projectDirPath = "";
			projectRoot = "";
			targets = (
				6939F2BF2DBA807C00D06AD6 /* chungtacungnhau */,
				6939F2CC2DBA807E00D06AD6 /* chungtacungnhauTests */,
				6939F2D62DBA807E00D06AD6 /* chungtacungnhauUITests */,
			);
		};
/* End PBXProject section */

/* Begin PBXResourcesBuildPhase section */
		6939F2BE2DBA807C00D06AD6 /* Resources */ = {
			isa = PBXResourcesBuildPhase;
			buildActionMask = 2147483647;
			files = (
			);
			runOnlyForDeploymentPostprocessing = 0;
		};
		6939F2CB2DBA807E00D06AD6 /* Resources */ = {
			isa = PBXResourcesBuildPhase;
			buildActionMask = 2147483647;
			files = (
			);
			runOnlyForDeploymentPostprocessing = 0;
		};
		6939F2D52DBA807E00D06AD6 /* Resources */ = {
			isa = PBXResourcesBuildPhase;
			buildActionMask = 2147483647;
			files = (
			);
			runOnlyForDeploymentPostprocessing = 0;
		};
/* End PBXResourcesBuildPhase section */

/* Begin PBXSourcesBuildPhase section */
		6939F2BC2DBA807C00D06AD6 /* Sources */ = {
			isa = PBXSourcesBuildPhase;
			buildActionMask = 2147483647;
			files = (
			);
			runOnlyForDeploymentPostprocessing = 0;
		};
		6939F2C92DBA807E00D06AD6 /* Sources */ = {
			isa = PBXSourcesBuildPhase;
			buildActionMask = 2147483647;
			files = (
			);
			runOnlyForDeploymentPostprocessing = 0;
		};
		6939F2D32DBA807E00D06AD6 /* Sources */ = {
			isa = PBXSourcesBuildPhase;
			buildActionMask = 2147483647;
			files = (
			);
			runOnlyForDeploymentPostprocessing = 0;
		};
/* End PBXSourcesBuildPhase section */

/* Begin PBXTargetDependency section */
		6939F2CF2DBA807E00D06AD6 /* PBXTargetDependency */ = {
			isa = PBXTargetDependency;
			target = 6939F2BF2DBA807C00D06AD6 /* chungtacungnhau */;
			targetProxy = 6939F2CE2DBA807E00D06AD6 /* PBXContainerItemProxy */;
		};
		6939F2D92DBA807E00D06AD6 /* PBXTargetDependency */ = {
			isa = PBXTargetDependency;
			target = 6939F2BF2DBA807C00D06AD6 /* chungtacungnhau */;
			targetProxy = 6939F2D82DBA807E00D06AD6 /* PBXContainerItemProxy */;
		};
/* End PBXTargetDependency section */

/* Begin XCBuildConfiguration section */
		6939F2DF2DBA807E00D06AD6 /* Debug */ = {
			isa = XCBuildConfiguration;
			buildSettings = {
				ALWAYS_SEARCH_USER_PATHS = NO;
				ASSETCATALOG_COMPILER_GENERATE_SWIFT_ASSET_SYMBOL_EXTENSIONS = YES;
				CLANG_ANALYZER_NONNULL = YES;
				CLANG_ANALYZER_NUMBER_OBJECT_CONVERSION = YES_AGGRESSIVE;
				CLANG_CXX_LANGUAGE_STANDARD = "gnu++20";
				CLANG_ENABLE_MODULES = YES;
				CLANG_ENABLE_OBJC_ARC = YES;
				CLANG_ENABLE_OBJC_WEAK = YES;
				CLANG_WARN_BLOCK_CAPTURE_AUTORELEASING = YES;
				CLANG_WARN_BOOL_CONVERSION = YES;
				CLANG_WARN_COMMA = YES;
				CLANG_WARN_CONSTANT_CONVERSION = YES;
				CLANG_WARN_DEPRECATED_OBJC_IMPLEMENTATIONS = YES;
				CLANG_WARN_DIRECT_OBJC_ISA_USAGE = YES_ERROR;
				CLANG_WARN_DOCUMENTATION_COMMENTS = YES;
				CLANG_WARN_EMPTY_BODY = YES;
				CLANG_WARN_ENUM_CONVERSION = YES;
				CLANG_WARN_INFINITE_RECURSION = YES;
				CLANG_WARN_INT_CONVERSION = YES;
				CLANG_WARN_NON_LITERAL_NULL_CONVERSION = YES;
				CLANG_WARN_OBJC_IMPLICIT_RETAIN_SELF = YES;
				CLANG_WARN_OBJC_LITERAL_CONVERSION = YES;
				CLANG_WARN_OBJC_ROOT_CLASS = YES_ERROR;
				CLANG_WARN_QUOTED_INCLUDE_IN_FRAMEWORK_HEADER = YES;
				CLANG_WARN_RANGE_LOOP_ANALYSIS = YES;
				CLANG_WARN_STRICT_PROTOTYPES = YES;
				CLANG_WARN_SUSPICIOUS_MOVE = YES;
				CLANG_WARN_UNGUARDED_AVAILABILITY = YES_AGGRESSIVE;
				CLANG_WARN_UNREACHABLE_CODE = YES;
				CLANG_WARN__DUPLICATE_METHOD_MATCH = YES;
				COPY_PHASE_STRIP = NO;
				DEBUG_INFORMATION_FORMAT = dwarf;
				ENABLE_STRICT_OBJC_MSGSEND = YES;
				ENABLE_TESTABILITY = YES;
				ENABLE_USER_SCRIPT_SANDBOXING = YES;
				GCC_C_LANGUAGE_STANDARD = gnu17;
				GCC_DYNAMIC_NO_PIC = NO;
				GCC_NO_COMMON_BLOCKS = YES;
				GCC_OPTIMIZATION_LEVEL = 0;
				GCC_PREPROCESSOR_DEFINITIONS = (
					"DEBUG=1",
					"$(inherited)",
				);
				GCC_WARN_64_TO_32_BIT_CONVERSION = YES;
				GCC_WARN_ABOUT_RETURN_TYPE = YES_ERROR;
				GCC_WARN_UNDECLARED_SELECTOR = YES;
				GCC_WARN_UNINITIALIZED_AUTOS = YES_AGGRESSIVE;
				GCC_WARN_UNUSED_FUNCTION = YES;
				GCC_WARN_UNUSED_VARIABLE = YES;
				IPHONEOS_DEPLOYMENT_TARGET = 18.4;
				LOCALIZATION_PREFERS_STRING_CATALOGS = YES;
				MTL_ENABLE_DEBUG_INFO = INCLUDE_SOURCE;
				MTL_FAST_MATH = YES;
				ONLY_ACTIVE_ARCH = YES;
				SDKROOT = iphoneos;
				SWIFT_ACTIVE_COMPILATION_CONDITIONS = "DEBUG $(inherited)";
				SWIFT_OPTIMIZATION_LEVEL = "-Onone";
			};
			name = Debug;
		};
		6939F2E02DBA807E00D06AD6 /* Release */ = {
			isa = XCBuildConfiguration;
			buildSettings = {
				ALWAYS_SEARCH_USER_PATHS = NO;
				ASSETCATALOG_COMPILER_GENERATE_SWIFT_ASSET_SYMBOL_EXTENSIONS = YES;
				CLANG_ANALYZER_NONNULL = YES;
				CLANG_ANALYZER_NUMBER_OBJECT_CONVERSION = YES_AGGRESSIVE;
				CLANG_CXX_LANGUAGE_STANDARD = "gnu++20";
				CLANG_ENABLE_MODULES = YES;
				CLANG_ENABLE_OBJC_ARC = YES;
				CLANG_ENABLE_OBJC_WEAK = YES;
				CLANG_WARN_BLOCK_CAPTURE_AUTORELEASING = YES;
				CLANG_WARN_BOOL_CONVERSION = YES;
				CLANG_WARN_COMMA = YES;
				CLANG_WARN_CONSTANT_CONVERSION = YES;
				CLANG_WARN_DEPRECATED_OBJC_IMPLEMENTATIONS = YES;
				CLANG_WARN_DIRECT_OBJC_ISA_USAGE = YES_ERROR;
				CLANG_WARN_DOCUMENTATION_COMMENTS = YES;
				CLANG_WARN_EMPTY_BODY = YES;
				CLANG_WARN_ENUM_CONVERSION = YES;
				CLANG_WARN_INFINITE_RECURSION = YES;
				CLANG_WARN_INT_CONVERSION = YES;
				CLANG_WARN_NON_LITERAL_NULL_CONVERSION = YES;
				CLANG_WARN_OBJC_IMPLICIT_RETAIN_SELF = YES;
				CLANG_WARN_OBJC_LITERAL_CONVERSION = YES;
				CLANG_WARN_OBJC_ROOT_CLASS = YES_ERROR;
				CLANG_WARN_QUOTED_INCLUDE_IN_FRAMEWORK_HEADER = YES;
				CLANG_WARN_RANGE_LOOP_ANALYSIS = YES;
				CLANG_WARN_STRICT_PROTOTYPES = YES;
				CLANG_WARN_SUSPICIOUS_MOVE = YES;
				CLANG_WARN_UNGUARDED_AVAILABILITY = YES_AGGRESSIVE;
				CLANG_WARN_UNREACHABLE_CODE = YES;
				CLANG_WARN__DUPLICATE_METHOD_MATCH = YES;
				COPY_PHASE_STRIP = NO;
				DEBUG_INFORMATION_FORMAT = "dwarf-with-dsym";
				ENABLE_NS_ASSERTIONS = NO;
				ENABLE_STRICT_OBJC_MSGSEND = YES;
				ENABLE_USER_SCRIPT_SANDBOXING = YES;
				GCC_C_LANGUAGE_STANDARD = gnu17;
				GCC_NO_COMMON_BLOCKS = YES;
				GCC_WARN_64_TO_32_BIT_CONVERSION = YES;
				GCC_WARN_ABOUT_RETURN_TYPE = YES_ERROR;
				GCC_WARN_UNDECLARED_SELECTOR = YES;
				GCC_WARN_UNINITIALIZED_AUTOS = YES_AGGRESSIVE;
				GCC_WARN_UNUSED_FUNCTION = YES;
				GCC_WARN_UNUSED_VARIABLE = YES;
				IPHONEOS_DEPLOYMENT_TARGET = 18.4;
				LOCALIZATION_PREFERS_STRING_CATALOGS = YES;
				MTL_ENABLE_DEBUG_INFO = NO;
				MTL_FAST_MATH = YES;
				SDKROOT = iphoneos;
				SWIFT_COMPILATION_MODE = wholemodule;
				VALIDATE_PRODUCT = YES;
			};
			name = Release;
		};
		6939F2E22DBA807E00D06AD6 /* Debug */ = {
			isa = XCBuildConfiguration;
			buildSettings = {
				ASSETCATALOG_COMPILER_APPICON_NAME = AppIcon;
				ASSETCATALOG_COMPILER_GLOBAL_ACCENT_COLOR_NAME = AccentColor;
				CODE_SIGN_STYLE = Automatic;
				CURRENT_PROJECT_VERSION = 1;
				ENABLE_PREVIEWS = YES;
				GENERATE_INFOPLIST_FILE = YES;
				INFOPLIST_KEY_UIApplicationSceneManifest_Generation = YES;
				INFOPLIST_KEY_UIApplicationSupportsIndirectInputEvents = YES;
				INFOPLIST_KEY_UILaunchScreen_Generation = YES;
				INFOPLIST_KEY_UISupportedInterfaceOrientations_iPad = "UIInterfaceOrientationPortrait UIInterfaceOrientationPortraitUpsideDown UIInterfaceOrientationLandscapeLeft UIInterfaceOrientationLandscapeRight";
				INFOPLIST_KEY_UISupportedInterfaceOrientations_iPhone = "UIInterfaceOrientationPortrait UIInterfaceOrientationLandscapeLeft UIInterfaceOrientationLandscapeRight";
				LD_RUNPATH_SEARCH_PATHS = (
					"$(inherited)",
					"@executable_path/Frameworks",
				);
				MARKETING_VERSION = 1.0;
				PRODUCT_BUNDLE_IDENTIFIER = nguyenhuuphuc.chungtacungnhau;
				PRODUCT_NAME = "$(TARGET_NAME)";
				SWIFT_EMIT_LOC_STRINGS = YES;
				SWIFT_VERSION = 5.0;
				TARGETED_DEVICE_FAMILY = "1,2";
			};
			name = Debug;
		};
		6939F2E32DBA807E00D06AD6 /* Release */ = {
			isa = XCBuildConfiguration;
			buildSettings = {
				ASSETCATALOG_COMPILER_APPICON_NAME = AppIcon;
				ASSETCATALOG_COMPILER_GLOBAL_ACCENT_COLOR_NAME = AccentColor;
				CODE_SIGN_STYLE = Automatic;
				CURRENT_PROJECT_VERSION = 1;
				ENABLE_PREVIEWS = YES;
				GENERATE_INFOPLIST_FILE = YES;
				INFOPLIST_KEY_UIApplicationSceneManifest_Generation = YES;
				INFOPLIST_KEY_UIApplicationSupportsIndirectInputEvents = YES;
				INFOPLIST_KEY_UILaunchScreen_Generation = YES;
				INFOPLIST_KEY_UISupportedInterfaceOrientations_iPad = "UIInterfaceOrientationPortrait UIInterfaceOrientationPortraitUpsideDown UIInterfaceOrientationLandscapeLeft UIInterfaceOrientationLandscapeRight";
				INFOPLIST_KEY_UISupportedInterfaceOrientations_iPhone = "UIInterfaceOrientationPortrait UIInterfaceOrientationLandscapeLeft UIInterfaceOrientationLandscapeRight";
				LD_RUNPATH_SEARCH_PATHS = (
					"$(inherited)",
					"@executable_path/Frameworks",
				);
				MARKETING_VERSION = 1.0;
				PRODUCT_BUNDLE_IDENTIFIER = nguyenhuuphuc.chungtacungnhau;
				PRODUCT_NAME = "$(TARGET_NAME)";
				SWIFT_EMIT_LOC_STRINGS = YES;
				SWIFT_VERSION = 5.0;
				TARGETED_DEVICE_FAMILY = "1,2";
			};
			name = Release;
		};
		6939F2E52DBA807E00D06AD6 /* Debug */ = {
			isa = XCBuildConfiguration;
			buildSettings = {
				BUNDLE_LOADER = "$(TEST_HOST)";
				CODE_SIGN_STYLE = Automatic;
				CURRENT_PROJECT_VERSION = 1;
				GENERATE_INFOPLIST_FILE = YES;
				IPHONEOS_DEPLOYMENT_TARGET = 18.4;
				MARKETING_VERSION = 1.0;
				PRODUCT_BUNDLE_IDENTIFIER = nguyenhuuphuc.chungtacungnhauTests;
				PRODUCT_NAME = "$(TARGET_NAME)";
				SWIFT_EMIT_LOC_STRINGS = NO;
				SWIFT_VERSION = 5.0;
				TARGETED_DEVICE_FAMILY = "1,2";
				TEST_HOST = "$(BUILT_PRODUCTS_DIR)/chungtacungnhau.app/$(BUNDLE_EXECUTABLE_FOLDER_PATH)/chungtacungnhau";
			};
			name = Debug;
		};
		6939F2E62DBA807E00D06AD6 /* Release */ = {
			isa = XCBuildConfiguration;
			buildSettings = {
				BUNDLE_LOADER = "$(TEST_HOST)";
				CODE_SIGN_STYLE = Automatic;
				CURRENT_PROJECT_VERSION = 1;
				GENERATE_INFOPLIST_FILE = YES;
				IPHONEOS_DEPLOYMENT_TARGET = 18.4;
				MARKETING_VERSION = 1.0;
				PRODUCT_BUNDLE_IDENTIFIER = nguyenhuuphuc.chungtacungnhauTests;
				PRODUCT_NAME = "$(TARGET_NAME)";
				SWIFT_EMIT_LOC_STRINGS = NO;
				SWIFT_VERSION = 5.0;
				TARGETED_DEVICE_FAMILY = "1,2";
				TEST_HOST = "$(BUILT_PRODUCTS_DIR)/chungtacungnhau.app/$(BUNDLE_EXECUTABLE_FOLDER_PATH)/chungtacungnhau";
			};
			name = Release;
		};
		6939F2E82DBA807E00D06AD6 /* Debug */ = {
			isa = XCBuildConfiguration;
			buildSettings = {
				CODE_SIGN_STYLE = Automatic;
				CURRENT_PROJECT_VERSION = 1;
				GENERATE_INFOPLIST_FILE = YES;
				MARKETING_VERSION = 1.0;
				PRODUCT_BUNDLE_IDENTIFIER = nguyenhuuphuc.chungtacungnhauUITests;
				PRODUCT_NAME = "$(TARGET_NAME)";
				SWIFT_EMIT_LOC_STRINGS = NO;
				SWIFT_VERSION = 5.0;
				TARGETED_DEVICE_FAMILY = "1,2";
				TEST_TARGET_NAME = chungtacungnhau;
			};
			name = Debug;
		};
		6939F2E92DBA807E00D06AD6 /* Release */ = {
			isa = XCBuildConfiguration;
			buildSettings = {
				CODE_SIGN_STYLE = Automatic;
				CURRENT_PROJECT_VERSION = 1;
				GENERATE_INFOPLIST_FILE = YES;
				MARKETING_VERSION = 1.0;
				PRODUCT_BUNDLE_IDENTIFIER = nguyenhuuphuc.chungtacungnhauUITests;
				PRODUCT_NAME = "$(TARGET_NAME)";
				SWIFT_EMIT_LOC_STRINGS = NO;
				SWIFT_VERSION = 5.0;
				TARGETED_DEVICE_FAMILY = "1,2";
				TEST_TARGET_NAME = chungtacungnhau;
			};
			name = Release;
		};
/* End XCBuildConfiguration section */

/* Begin XCConfigurationList section */
		6939F2BB2DBA807C00D06AD6 /* Build configuration list for PBXProject "chungtacungnhau" */ = {
			isa = XCConfigurationList;
			buildConfigurations = (
				6939F2DF2DBA807E00D06AD6 /* Debug */,
				6939F2E02DBA807E00D06AD6 /* Release */,
			);
			defaultConfigurationIsVisible = 0;
			defaultConfigurationName = Release;
		};
		6939F2E12DBA807E00D06AD6 /* Build configuration list for PBXNativeTarget "chungtacungnhau" */ = {
			isa = XCConfigurationList;
			buildConfigurations = (
				6939F2E22DBA807E00D06AD6 /* Debug */,
				6939F2E32DBA807E00D06AD6 /* Release */,
			);
			defaultConfigurationIsVisible = 0;
			defaultConfigurationName = Release;
		};
		6939F2E42DBA807E00D06AD6 /* Build configuration list for PBXNativeTarget "chungtacungnhauTests" */ = {
			isa = XCConfigurationList;
			buildConfigurations = (
				6939F2E52DBA807E00D06AD6 /* Debug */,
				6939F2E62DBA807E00D06AD6 /* Release */,
			);
			defaultConfigurationIsVisible = 0;
			defaultConfigurationName = Release;
		};
		6939F2E72DBA807E00D06AD6 /* Build configuration list for PBXNativeTarget "chungtacungnhauUITests" */ = {
			isa = XCConfigurationList;
			buildConfigurations = (
				6939F2E82DBA807E00D06AD6 /* Debug */,
				6939F2E92DBA807E00D06AD6 /* Release */,
			);
			defaultConfigurationIsVisible = 0;
			defaultConfigurationName = Release;
		};
/* End XCConfigurationList section */
	};
	rootObject = 6939F2B82DBA807C00D06AD6 /* Project object */;
}
